<?xml version="1.0" encoding="utf-8"?>
<Project ToolsVersion="4.0" xmlns="http://schemas.microsoft.com/developer/msbuild/2003">
  <ItemGroup>
    <Filter Include="リソース ファイル">
      <UniqueIdentifier>{67DA6AB6-F800-4c08-8B7A-83BB121AAD01}</UniqueIdentifier>
      <Extensions>rc;ico;cur;bmp;dlg;rc2;rct;bin;rgs;gif;jpg;jpeg;jpe;resx;tiff;tif;png;wav;mfcribbon-ms</Extensions>
    </Filter>
    <Filter Include="Common">
      <UniqueIdentifier>{555b7868-77e3-4c9d-9a38-3d11203f6bf3}</UniqueIdentifier>
    </Filter>
  </ItemGroup>
  <ItemGroup>
    <ClInclude Include="Common\CommonHeaders.h" />
    <ClInclude Include="Common\PrimitiveTypes.h" />
    <ClInclude Include="Common\Id.h" />
    <ClInclude Include="Components\ComponentsCommon.h" />
    <ClInclude Include="Components\Entity.h" />
    <ClInclude Include="Components\Transform.h" />
    <ClInclude Include="Utilities\MathTypes.h" />
    <ClInclude Include="Utilities\Utilities.h" />
    <ClInclude Include="EngineAPI\GameEntity.h" />
    <ClInclude Include="EngineAPI\TransfromComponent.h" />
  </ItemGroup>
  <ItemGroup>
    <ClCompile Include="Components\Entity.cpp" />
    <ClCompile Include="Components\Transform.cpp" />
  </ItemGroup>
</Project>